
Microsoft Visual Studio Solution File, Format Version 12.00
# Visual Studio Version 17
VisualStudioVersion = 17.7.34018.315
MinimumVisualStudioVersion = 10.0.40219.1
Project("{9A19103F-16F7-4668-BE54-9A1E7A4F7556}") = "RazorProjectV5", "RazorProjectV5\RazorProjectV5.csproj", "{BC7984D1-27E3-4C0B-9A02-7A18675B5A0A}"
EndProject
Project("{2150E333-8FDC-42A3-9474-1A3956D46DE8}") = ".github", ".github", "{F3D39E6E-1645-4446-88FE-1D521F493A1B}"
EndProject
Project("{2150E333-8FDC-42A3-9474-1A3956D46DE8}") = "workflows", "workflows", "{64AF4D9B-B45C-4A56-B22A-87CFA2E843B0}"
	ProjectSection(SolutionItems) = preProject
		RazorTest.yml = RazorTest.yml
	EndProjectSection
EndProject
Global
	GlobalSection(SolutionConfigurationPlatforms) = preSolution
		Debug|Any CPU = Debug|Any CPU
		Release|Any CPU = Release|Any CPU
	EndGlobalSection
	GlobalSection(ProjectConfigurationPlatforms) = postSolution
		{BC7984D1-27E3-4C0B-9A02-7A18675B5A0A}.Debug|Any CPU.ActiveCfg = Debug|Any CPU
		{BC7984D1-27E3-4C0B-9A02-7A18675B5A0A}.Debug|Any CPU.Build.0 = Debug|Any CPU
		{BC7984D1-27E3-4C0B-9A02-7A18675B5A0A}.Release|Any CPU.ActiveCfg = Release|Any CPU
		{BC7984D1-27E3-4C0B-9A02-7A18675B5A0A}.Release|Any CPU.Build.0 = Release|Any CPU
	EndGlobalSection
	GlobalSection(SolutionProperties) = preSolution
		HideSolutionNode = FALSE
	EndGlobalSection
	GlobalSection(NestedProjects) = preSolution
		{64AF4D9B-B45C-4A56-B22A-87CFA2E843B0} = {F3D39E6E-1645-4446-88FE-1D521F493A1B}
	EndGlobalSection
	GlobalSection(ExtensibilityGlobals) = postSolution
		SolutionGuid = {6F51BEEF-DA62-4747-90CE-8BCF7878E291}
	EndGlobalSection
EndGlobal
